{
  "nodes": {
    "home-manager": {
      "inputs": {
        "nixpkgs": [
          "nixpkgs"
        ]
      },
      "locked": {
        "lastModified": 1767619743,
        "narHash": "sha256-N0kK1JqxIjFl7hPAfhkW6C9AO7feYJUWLPyqJO2VuQQ=",
        "owner": "nix-community",
        "repo": "home-manager",
        "rev": "a65c04965c841eb01ba401f5162f12bc8d52014f",
        "type": "github"
      },
      "original": {
        "owner": "nix-community",
        "repo": "home-manager",
        "type": "github"
      }
    },
    "nixpkgs": {
      "locked": {
        "lastModified": 1767379071,
        "narHash": "sha256-EgE0pxsrW9jp9YFMkHL9JMXxcqi/OoumPJYwf+Okucw=",
        "owner": "NixOS",
        "repo": "nixpkgs",
        "rev": "fb7944c166a3b630f177938e478f0378e64ce108",
        "type": "github"
      },
      "original": {
        "owner": "NixOS",
        "ref": "nixos-unstable",
        "repo": "nixpkgs",
        "type": "github"
      }
    },
    "nixpkgs_2": {
      "locked": {
        "lastModified": 1762111121,
        "narHash": "sha256-4vhDuZ7OZaZmKKrnDpxLZZpGIJvAeMtK6FKLJYUtAdw=",
        "owner": "NixOS",
        "repo": "nixpkgs",
        "rev": "b3d51a0365f6695e7dd5cdf3e180604530ed33b4",
        "type": "github"
      },
      "original": {
        "owner": "NixOS",
        "ref": "nixos-unstable",
        "repo": "nixpkgs",
        "type": "github"
      }
    },
    "nixpkgs_3": {
      "locked": {
        "lastModified": 1763421233,
        "narHash": "sha256-Stk9ZYRkGrnnpyJ4eqt9eQtdFWRRIvMxpNRf4sIegnw=",
        "owner": "nixos",
        "repo": "nixpkgs",
        "rev": "89c2b2330e733d6cdb5eae7b899326930c2c0648",
        "type": "github"
      },
      "original": {
        "owner": "nixos",
        "ref": "nixos-unstable",
        "repo": "nixpkgs",
        "type": "github"
      }
    },
    "root": {
      "inputs": {
        "home-manager": "home-manager",
        "nixpkgs": "nixpkgs",
        "vicinae": "vicinae",
        "vicinae-extensions": "vicinae-extensions"
      }
    },
    "systems": {
      "locked": {
        "lastModified": 1681028828,
        "narHash": "sha256-Vy1rq5AaRuLzOxct8nz4T6wlgyUR7zLU309k9mBC768=",
        "owner": "nix-systems",
        "repo": "default",
        "rev": "da67096a3b9bf56a91d16901293e51ba5b49a27e",
        "type": "github"
      },
      "original": {
        "owner": "nix-systems",
        "repo": "default",
        "type": "github"
      }
    },
    "systems_2": {
      "locked": {
        "lastModified": 1681028828,
        "narHash": "sha256-Vy1rq5AaRuLzOxct8nz4T6wlgyUR7zLU309k9mBC768=",
        "owner": "nix-systems",
        "repo": "default",
        "rev": "da67096a3b9bf56a91d16901293e51ba5b49a27e",
        "type": "github"
      },
      "original": {
        "owner": "nix-systems",
        "repo": "default",
        "type": "github"
      }
    },
    "vicinae": {
      "inputs": {
        "nixpkgs": "nixpkgs_2",
        "systems": "systems"
      },
      "locked": {
        "lastModified": 1767715269,
        "narHash": "sha256-0QV6SuVyt16rTVNoB9W3ZwRm7FhJ1pwuDMUH2VkOI6A=",
        "owner": "vicinaehq",
        "repo": "vicinae",
        "rev": "cd95054a199bba898c79ffa23fa41bac7326a375",
        "type": "github"
      },
      "original": {
        "owner": "vicinaehq",
        "repo": "vicinae",
        "type": "github"
      }
    },
    "vicinae-extensions": {
      "inputs": {
        "nixpkgs": "nixpkgs_3",
        "systems": "systems_2",
        "vicinae": "vicinae_2"
      },
      "locked": {
        "lastModified": 1767678555,
        "narHash": "sha256-/Yx97SOwvJXPxvv6e81j+ID87J9DQGq0QGYnmsWKoz8=",
        "owner": "vicinaehq",
        "repo": "extensions",
        "rev": "e01fe274f037e4d2b7436718258fa898f80dc4b2",
        "type": "github"
      },
      "original": {
        "owner": "vicinaehq",
        "repo": "extensions",
        "type": "github"
      }
    },
    "vicinae_2": {
      "inputs": {
        "nixpkgs": [
          "vicinae-extensions",
          "nixpkgs"
        ],
        "systems": [
          "vicinae-extensions",
          "systems"
        ]
      },
      "locked": {
        "lastModified": 1763768455,
        "narHash": "sha256-ZwqW2uH36vPUKrlbzDyz7NoFXKjJOT1Ijvlaz4sIp8E=",
        "owner": "vicinaehq",
        "repo": "vicinae",
        "rev": "5c965e0777dc4bcb01808c7f214dc56f997bd9c7",
        "type": "github"
      },
      "original": {
        "owner": "vicinaehq",
        "repo": "vicinae",
        "type": "github"
      }
    }
  },
  "root": "root",
  "version": 7
}
